
Microsoft Visual Studio Solution File, Format Version 12.00
# Visual Studio Version 16
VisualStudioVersion = 16.0.31313.79
MinimumVisualStudioVersion = 10.0.40219.1
Project("{9A19103F-16F7-4668-BE54-9A1E7A4F7556}") = "Plantsy.Server", "Server\Plantsy.Server.csproj", "{4BD37A5F-D19F-46A6-8522-420273F60A92}"
EndProject
Project("{9A19103F-16F7-4668-BE54-9A1E7A4F7556}") = "Plantsy.Client", "Client\Plantsy.Client.csproj", "{74339634-A8EA-49D0-9BF0-E2F2E5C63480}"
EndProject
Project("{9A19103F-16F7-4668-BE54-9A1E7A4F7556}") = "Plantsy.Shared", "Shared\Plantsy.Shared.csproj", "{FBD7E5B6-68E7-48D7-AB49-1EC1482B357C}"
EndProject
Global
	GlobalSection(SolutionConfigurationPlatforms) = preSolution
		Debug|Any CPU = Debug|Any CPU
		Release|Any CPU = Release|Any CPU
	EndGlobalSection
	GlobalSection(ProjectConfigurationPlatforms) = postSolution
		{4BD37A5F-D19F-46A6-8522-420273F60A92}.Debug|Any CPU.ActiveCfg = Debug|Any CPU
		{4BD37A5F-D19F-46A6-8522-420273F60A92}.Debug|Any CPU.Build.0 = Debug|Any CPU
		{4BD37A5F-D19F-46A6-8522-420273F60A92}.Release|Any CPU.ActiveCfg = Release|Any CPU
		{4BD37A5F-D19F-46A6-8522-420273F60A92}.Release|Any CPU.Build.0 = Release|Any CPU
		{74339634-A8EA-49D0-9BF0-E2F2E5C63480}.Debug|Any CPU.ActiveCfg = Debug|Any CPU
		{74339634-A8EA-49D0-9BF0-E2F2E5C63480}.Debug|Any CPU.Build.0 = Debug|Any CPU
		{74339634-A8EA-49D0-9BF0-E2F2E5C63480}.Release|Any CPU.ActiveCfg = Release|Any CPU
		{74339634-A8EA-49D0-9BF0-E2F2E5C63480}.Release|Any CPU.Build.0 = Release|Any CPU
		{FBD7E5B6-68E7-48D7-AB49-1EC1482B357C}.Debug|Any CPU.ActiveCfg = Debug|Any CPU
		{FBD7E5B6-68E7-48D7-AB49-1EC1482B357C}.Debug|Any CPU.Build.0 = Debug|Any CPU
		{FBD7E5B6-68E7-48D7-AB49-1EC1482B357C}.Release|Any CPU.ActiveCfg = Release|Any CPU
		{FBD7E5B6-68E7-48D7-AB49-1EC1482B357C}.Release|Any CPU.Build.0 = Release|Any CPU
	EndGlobalSection
	GlobalSection(SolutionProperties) = preSolution
		HideSolutionNode = FALSE
	EndGlobalSection
	GlobalSection(ExtensibilityGlobals) = postSolution
		SolutionGuid = {3C9AEEBA-F30A-40FD-9171-07D7EED5DA7B}
	EndGlobalSection
EndGlobal
